
Microsoft Visual Studio Solution File, Format Version 12.00
# Visual Studio 15
VisualStudioVersion = 15.0.27703.2035
MinimumVisualStudioVersion = 10.0.40219.1
Project("{FAE04EC0-301F-11D3-BF4B-00C04F79EFBC}") = "CandidateForm", "CandidateForm\CandidateForm.csproj", "{98BD4FEC-C904-4176-B4CD-4E4EA5995D39}"
EndProject
Global
	GlobalSection(SolutionConfigurationPlatforms) = preSolution
		Debug|Any CPU = Debug|Any CPU
		Release|Any CPU = Release|Any CPU
	EndGlobalSection
	GlobalSection(ProjectConfigurationPlatforms) = postSolution
		{98BD4FEC-C904-4176-B4CD-4E4EA5995D39}.Debug|Any CPU.ActiveCfg = Debug|Any CPU
		{98BD4FEC-C904-4176-B4CD-4E4EA5995D39}.Debug|Any CPU.Build.0 = Debug|Any CPU
		{98BD4FEC-C904-4176-B4CD-4E4EA5995D39}.Release|Any CPU.ActiveCfg = Release|Any CPU
		{98BD4FEC-C904-4176-B4CD-4E4EA5995D39}.Release|Any CPU.Build.0 = Release|Any CPU
	EndGlobalSection
	GlobalSection(SolutionProperties) = preSolution
		HideSolutionNode = FALSE
	EndGlobalSection
	GlobalSection(ExtensibilityGlobals) = postSolution
		SolutionGuid = {22C230A3-09CD-4C87-983B-34364BCF47AA}
	EndGlobalSection
EndGlobal
